// !$*UTF8*$!
{
	archiveVersion = 1;
	classes = {
	};
	objectVersion = 50;
	objects = {

/* Begin PBXBuildFile section */
		00F344D723C9A556007C099A /* libjpeg.a in Frameworks */ = {isa = PBXBuildFile; fileRef = 00F344D623C9A556007C099A /* libjpeg.a */; };
		00F344DB23C9A5D2007C099A /* lodepng.cc in Sources */ = {isa = PBXBuildFile; fileRef = 00F344DA23C9A5D2007C099A /* lodepng.cc */; };
		00F344DE23C9A72F007C099A /* OpenPano.mm in Sources */ = {isa = PBXBuildFile; fileRef = 00F344DD23C9A72F007C099A /* OpenPano.mm */; };
		00F344E923C9B533007C099A /* 2.jpg in Resources */ = {isa = PBXBuildFile; fileRef = 00F344E623C9B533007C099A /* 2.jpg */; };
		00F344EA23C9B533007C099A /* 1.jpg in Resources */ = {isa = PBXBuildFile; fileRef = 00F344E723C9B533007C099A /* 1.jpg */; };
		00F344EB23C9B533007C099A /* 3.jpg in Resources */ = {isa = PBXBuildFile; fileRef = 00F344E823C9B533007C099A /* 3.jpg */; };
		00F344ED23C9BAE5007C099A /* config.cfg in Resources */ = {isa = PBXBuildFile; fileRef = 00F344EC23C9BAE5007C099A /* config.cfg */; };
		00FF586223C81CA0008C02DE /* AppDelegate.m in Sources */ = {isa = PBXBuildFile; fileRef = 00FF586123C81CA0008C02DE /* AppDelegate.m */; };
		00FF586523C81CA0008C02DE /* SceneDelegate.m in Sources */ = {isa = PBXBuildFile; fileRef = 00FF586423C81CA0008C02DE /* SceneDelegate.m */; };
		00FF586823C81CA0008C02DE /* ViewController.m in Sources */ = {isa = PBXBuildFile; fileRef = 00FF586723C81CA0008C02DE /* ViewController.m */; };
		00FF586B23C81CA0008C02DE /* Main.storyboard in Resources */ = {isa = PBXBuildFile; fileRef = 00FF586923C81CA0008C02DE /* Main.storyboard */; };
		00FF586D23C81CA6008C02DE /* Assets.xcassets in Resources */ = {isa = PBXBuildFile; fileRef = 00FF586C23C81CA6008C02DE /* Assets.xcassets */; };
		00FF587023C81CA6008C02DE /* LaunchScreen.storyboard in Resources */ = {isa = PBXBuildFile; fileRef = 00FF586E23C81CA6008C02DE /* LaunchScreen.storyboard */; };
		00FF587323C81CA6008C02DE /* main.m in Sources */ = {isa = PBXBuildFile; fileRef = 00FF587223C81CA6008C02DE /* main.m */; };
		00FF5B6B23C862DC008C02DE /* multiband.cc in Sources */ = {isa = PBXBuildFile; fileRef = 00FF5B2523C862DB008C02DE /* multiband.cc */; };
		00FF5B6C23C862DC008C02DE /* stitcher.cc in Sources */ = {isa = PBXBuildFile; fileRef = 00FF5B2723C862DB008C02DE /* stitcher.cc */; };
		00FF5B6D23C862DC008C02DE /* camera.cc in Sources */ = {isa = PBXBuildFile; fileRef = 00FF5B2923C862DB008C02DE /* camera.cc */; };
		00FF5B6E23C862DC008C02DE /* homography.cc in Sources */ = {isa = PBXBuildFile; fileRef = 00FF5B2A23C862DB008C02DE /* homography.cc */; };
		00FF5B6F23C862DC008C02DE /* warp.cc in Sources */ = {isa = PBXBuildFile; fileRef = 00FF5B2C23C862DB008C02DE /* warp.cc */; };
		00FF5B7023C862DC008C02DE /* stitcher_image.cc in Sources */ = {isa = PBXBuildFile; fileRef = 00FF5B2E23C862DB008C02DE /* stitcher_image.cc */; };
		00FF5B7123C862DC008C02DE /* debug.cc in Sources */ = {isa = PBXBuildFile; fileRef = 00FF5B2F23C862DB008C02DE /* debug.cc */; };
		00FF5B7223C862DC008C02DE /* camera_estimator.cc in Sources */ = {isa = PBXBuildFile; fileRef = 00FF5B3123C862DB008C02DE /* camera_estimator.cc */; };
		00FF5B7323C862DC008C02DE /* blender.cc in Sources */ = {isa = PBXBuildFile; fileRef = 00FF5B3223C862DB008C02DE /* blender.cc */; };
		00FF5B7423C862DC008C02DE /* transform_estimate.cc in Sources */ = {isa = PBXBuildFile; fileRef = 00FF5B3423C862DB008C02DE /* transform_estimate.cc */; };
		00FF5B7523C862DC008C02DE /* incremental_bundle_adjuster.cc in Sources */ = {isa = PBXBuildFile; fileRef = 00FF5B3623C862DB008C02DE /* incremental_bundle_adjuster.cc */; };
		00FF5B7623C862DC008C02DE /* cylstitcher.cc in Sources */ = {isa = PBXBuildFile; fileRef = 00FF5B3923C862DB008C02DE /* cylstitcher.cc */; };
		00FF5B7723C862DC008C02DE /* stitcherbase.cc in Sources */ = {isa = PBXBuildFile; fileRef = 00FF5B3B23C862DB008C02DE /* stitcherbase.cc */; };
		00FF5B7823C862DC008C02DE /* gaussian.cc in Sources */ = {isa = PBXBuildFile; fileRef = 00FF5B4223C862DB008C02DE /* gaussian.cc */; };
		00FF5B7923C862DC008C02DE /* dist.cc in Sources */ = {isa = PBXBuildFile; fileRef = 00FF5B4323C862DB008C02DE /* dist.cc */; };
		00FF5B7A23C862DC008C02DE /* dog.cc in Sources */ = {isa = PBXBuildFile; fileRef = 00FF5B4623C862DB008C02DE /* dog.cc */; };
		00FF5B7B23C862DC008C02DE /* feature.cc in Sources */ = {isa = PBXBuildFile; fileRef = 00FF5B4A23C862DB008C02DE /* feature.cc */; };
		00FF5B7C23C862DC008C02DE /* brief.cc in Sources */ = {isa = PBXBuildFile; fileRef = 00FF5B4B23C862DB008C02DE /* brief.cc */; };
		00FF5B7D23C862DC008C02DE /* sift.cc in Sources */ = {isa = PBXBuildFile; fileRef = 00FF5B4F23C862DB008C02DE /* sift.cc */; };
		00FF5B7E23C862DC008C02DE /* orientation.cc in Sources */ = {isa = PBXBuildFile; fileRef = 00FF5B5023C862DB008C02DE /* orientation.cc */; };
		00FF5B7F23C862DC008C02DE /* extrema.cc in Sources */ = {isa = PBXBuildFile; fileRef = 00FF5B5123C862DB008C02DE /* extrema.cc */; };
		00FF5B8023C862DC008C02DE /* matcher.cc in Sources */ = {isa = PBXBuildFile; fileRef = 00FF5B5223C862DB008C02DE /* matcher.cc */; };
		00FF5B8123C862DC008C02DE /* debugutils.cc in Sources */ = {isa = PBXBuildFile; fileRef = 00FF5B5423C862DC008C02DE /* debugutils.cc */; };
		00FF5B8223C862DC008C02DE /* planedrawer.cc in Sources */ = {isa = PBXBuildFile; fileRef = 00FF5B5623C862DC008C02DE /* planedrawer.cc */; };
		00FF5B8323C862DC008C02DE /* utils.cc in Sources */ = {isa = PBXBuildFile; fileRef = 00FF5B5C23C862DC008C02DE /* utils.cc */; };
		00FF5B8423C862DC008C02DE /* kdtree.cc in Sources */ = {isa = PBXBuildFile; fileRef = 00FF5B5D23C862DC008C02DE /* kdtree.cc */; };
		00FF5B8523C862DC008C02DE /* imgproc.cc in Sources */ = {isa = PBXBuildFile; fileRef = 00FF5B5E23C862DC008C02DE /* imgproc.cc */; };
		00FF5B8623C862DC008C02DE /* polygon.cc in Sources */ = {isa = PBXBuildFile; fileRef = 00FF5B6023C862DC008C02DE /* polygon.cc */; };
		00FF5B8723C862DC008C02DE /* timer.cc in Sources */ = {isa = PBXBuildFile; fileRef = 00FF5B6323C862DC008C02DE /* timer.cc */; };
		00FF5B8823C862DC008C02DE /* imgio.cc in Sources */ = {isa = PBXBuildFile; fileRef = 00FF5B6523C862DC008C02DE /* imgio.cc */; };
		00FF5B8923C862DC008C02DE /* matrix.cc in Sources */ = {isa = PBXBuildFile; fileRef = 00FF5B6623C862DC008C02DE /* matrix.cc */; };
		00FF5B8A23C862DC008C02DE /* color.cc in Sources */ = {isa = PBXBuildFile; fileRef = 00FF5B6823C862DC008C02DE /* color.cc */; };
		00FF5B8B23C862DC008C02DE /* config.cc in Sources */ = {isa = PBXBuildFile; fileRef = 00FF5B6A23C862DC008C02DE /* config.cc */; };
/* End PBXBuildFile section */

/* Begin PBXFileReference section */
		00F344D223C9A556007C099A /* jpeglib.h */ = {isa = PBXFileReference; fileEncoding = 4; lastKnownFileType = sourcecode.c.h; path = jpeglib.h; sourceTree = "<group>"; };
		00F344D323C9A556007C099A /* jerror.h */ = {isa = PBXFileReference; fileEncoding = 4; lastKnownFileType = sourcecode.c.h; path = jerror.h; sourceTree = "<group>"; };
		00F344D423C9A556007C099A /* jconfig.h */ = {isa = PBXFileReference; fileEncoding = 4; lastKnownFileType = sourcecode.c.h; path = jconfig.h; sourceTree = "<group>"; };
		00F344D523C9A556007C099A /* jmorecfg.h */ = {isa = PBXFileReference; fileEncoding = 4; lastKnownFileType = sourcecode.c.h; path = jmorecfg.h; sourceTree = "<group>"; };
		00F344D623C9A556007C099A /* libjpeg.a */ = {isa = PBXFileReference; lastKnownFileType = archive.ar; path = libjpeg.a; sourceTree = "<group>"; };
		00F344D923C9A5D2007C099A /* lodepng.h */ = {isa = PBXFileReference; fileEncoding = 4; lastKnownFileType = sourcecode.c.h; path = lodepng.h; sourceTree = "<group>"; };
		00F344DA23C9A5D2007C099A /* lodepng.cc */ = {isa = PBXFileReference; fileEncoding = 4; lastKnownFileType = sourcecode.cpp.cpp; path = lodepng.cc; sourceTree = "<group>"; };
		00F344DC23C9A72F007C099A /* OpenPano.h */ = {isa = PBXFileReference; lastKnownFileType = sourcecode.c.h; path = OpenPano.h; sourceTree = "<group>"; };
		00F344DD23C9A72F007C099A /* OpenPano.mm */ = {isa = PBXFileReference; lastKnownFileType = sourcecode.cpp.objcpp; path = OpenPano.mm; sourceTree = "<group>"; };
		00F344E623C9B533007C099A /* 2.jpg */ = {isa = PBXFileReference; lastKnownFileType = image.jpeg; path = 2.jpg; sourceTree = "<group>"; };
		00F344E723C9B533007C099A /* 1.jpg */ = {isa = PBXFileReference; lastKnownFileType = image.jpeg; path = 1.jpg; sourceTree = "<group>"; };
		00F344E823C9B533007C099A /* 3.jpg */ = {isa = PBXFileReference; lastKnownFileType = image.jpeg; path = 3.jpg; sourceTree = "<group>"; };
		00F344EC23C9BAE5007C099A /* config.cfg */ = {isa = PBXFileReference; fileEncoding = 4; lastKnownFileType = text; path = config.cfg; sourceTree = "<group>"; };
		00FF585D23C81CA0008C02DE /* OpenPano-iOS.app */ = {isa = PBXFileReference; explicitFileType = wrapper.application; includeInIndex = 0; path = "OpenPano-iOS.app"; sourceTree = BUILT_PRODUCTS_DIR; };
		00FF586023C81CA0008C02DE /* AppDelegate.h */ = {isa = PBXFileReference; lastKnownFileType = sourcecode.c.h; path = AppDelegate.h; sourceTree = "<group>"; };
		00FF586123C81CA0008C02DE /* AppDelegate.m */ = {isa = PBXFileReference; lastKnownFileType = sourcecode.c.objc; path = AppDelegate.m; sourceTree = "<group>"; };
		00FF586323C81CA0008C02DE /* SceneDelegate.h */ = {isa = PBXFileReference; lastKnownFileType = sourcecode.c.h; path = SceneDelegate.h; sourceTree = "<group>"; };
		00FF586423C81CA0008C02DE /* SceneDelegate.m */ = {isa = PBXFileReference; lastKnownFileType = sourcecode.c.objc; path = SceneDelegate.m; sourceTree = "<group>"; };
		00FF586623C81CA0008C02DE /* ViewController.h */ = {isa = PBXFileReference; lastKnownFileType = sourcecode.c.h; path = ViewController.h; sourceTree = "<group>"; };
		00FF586723C81CA0008C02DE /* ViewController.m */ = {isa = PBXFileReference; lastKnownFileType = sourcecode.c.objc; path = ViewController.m; sourceTree = "<group>"; };
		00FF586A23C81CA0008C02DE /* Base */ = {isa = PBXFileReference; lastKnownFileType = file.storyboard; name = Base; path = Base.lproj/Main.storyboard; sourceTree = "<group>"; };
		00FF586C23C81CA6008C02DE /* Assets.xcassets */ = {isa = PBXFileReference; lastKnownFileType = folder.assetcatalog; path = Assets.xcassets; sourceTree = "<group>"; };
		00FF586F23C81CA6008C02DE /* Base */ = {isa = PBXFileReference; lastKnownFileType = file.storyboard; name = Base; path = Base.lproj/LaunchScreen.storyboard; sourceTree = "<group>"; };
		00FF587123C81CA6008C02DE /* Info.plist */ = {isa = PBXFileReference; lastKnownFileType = text.plist.xml; path = Info.plist; sourceTree = "<group>"; };
		00FF587223C81CA6008C02DE /* main.m */ = {isa = PBXFileReference; lastKnownFileType = sourcecode.c.objc; path = main.m; sourceTree = "<group>"; };
		00FF5B2223C862DB008C02DE /* homography.hh */ = {isa = PBXFileReference; fileEncoding = 4; lastKnownFileType = sourcecode.cpp.h; path = homography.hh; sourceTree = "<group>"; };
		00FF5B2323C862DB008C02DE /* stitcher_image.hh */ = {isa = PBXFileReference; fileEncoding = 4; lastKnownFileType = sourcecode.cpp.h; path = stitcher_image.hh; sourceTree = "<group>"; };
		00FF5B2423C862DB008C02DE /* warp.hh */ = {isa = PBXFileReference; fileEncoding = 4; lastKnownFileType = sourcecode.cpp.h; path = warp.hh; sourceTree = "<group>"; };
		00FF5B2523C862DB008C02DE /* multiband.cc */ = {isa = PBXFileReference; fileEncoding = 4; lastKnownFileType = sourcecode.cpp.cpp; path = multiband.cc; sourceTree = "<group>"; };
		00FF5B2623C862DB008C02DE /* imageref.hh */ = {isa = PBXFileReference; fileEncoding = 4; lastKnownFileType = sourcecode.cpp.h; path = imageref.hh; sourceTree = "<group>"; };
		00FF5B2723C862DB008C02DE /* stitcher.cc */ = {isa = PBXFileReference; fileEncoding = 4; lastKnownFileType = sourcecode.cpp.cpp; path = stitcher.cc; sourceTree = "<group>"; };
		00FF5B2823C862DB008C02DE /* camera.hh */ = {isa = PBXFileReference; fileEncoding = 4; lastKnownFileType = sourcecode.cpp.h; path = camera.hh; sourceTree = "<group>"; };
		00FF5B2923C862DB008C02DE /* camera.cc */ = {isa = PBXFileReference; fileEncoding = 4; lastKnownFileType = sourcecode.cpp.cpp; path = camera.cc; sourceTree = "<group>"; };
		00FF5B2A23C862DB008C02DE /* homography.cc */ = {isa = PBXFileReference; fileEncoding = 4; lastKnownFileType = sourcecode.cpp.cpp; path = homography.cc; sourceTree = "<group>"; };
		00FF5B2B23C862DB008C02DE /* projection.hh */ = {isa = PBXFileReference; fileEncoding = 4; lastKnownFileType = sourcecode.cpp.h; path = projection.hh; sourceTree = "<group>"; };
		00FF5B2C23C862DB008C02DE /* warp.cc */ = {isa = PBXFileReference; fileEncoding = 4; lastKnownFileType = sourcecode.cpp.cpp; path = warp.cc; sourceTree = "<group>"; };
		00FF5B2D23C862DB008C02DE /* multiband.hh */ = {isa = PBXFileReference; fileEncoding = 4; lastKnownFileType = sourcecode.cpp.h; path = multiband.hh; sourceTree = "<group>"; };
		00FF5B2E23C862DB008C02DE /* stitcher_image.cc */ = {isa = PBXFileReference; fileEncoding = 4; lastKnownFileType = sourcecode.cpp.cpp; path = stitcher_image.cc; sourceTree = "<group>"; };
		00FF5B2F23C862DB008C02DE /* debug.cc */ = {isa = PBXFileReference; fileEncoding = 4; lastKnownFileType = sourcecode.cpp.cpp; path = debug.cc; sourceTree = "<group>"; };
		00FF5B3023C862DB008C02DE /* stitcher.hh */ = {isa = PBXFileReference; fileEncoding = 4; lastKnownFileType = sourcecode.cpp.h; path = stitcher.hh; sourceTree = "<group>"; };
		00FF5B3123C862DB008C02DE /* camera_estimator.cc */ = {isa = PBXFileReference; fileEncoding = 4; lastKnownFileType = sourcecode.cpp.cpp; path = camera_estimator.cc; sourceTree = "<group>"; };
		00FF5B3223C862DB008C02DE /* blender.cc */ = {isa = PBXFileReference; fileEncoding = 4; lastKnownFileType = sourcecode.cpp.cpp; path = blender.cc; sourceTree = "<group>"; };
		00FF5B3323C862DB008C02DE /* cylstitcher.hh */ = {isa = PBXFileReference; fileEncoding = 4; lastKnownFileType = sourcecode.cpp.h; path = cylstitcher.hh; sourceTree = "<group>"; };
		00FF5B3423C862DB008C02DE /* transform_estimate.cc */ = {isa = PBXFileReference; fileEncoding = 4; lastKnownFileType = sourcecode.cpp.cpp; path = transform_estimate.cc; sourceTree = "<group>"; };
		00FF5B3523C862DB008C02DE /* match_info.hh */ = {isa = PBXFileReference; fileEncoding = 4; lastKnownFileType = sourcecode.cpp.h; path = match_info.hh; sourceTree = "<group>"; };
		00FF5B3623C862DB008C02DE /* incremental_bundle_adjuster.cc */ = {isa = PBXFileReference; fileEncoding = 4; lastKnownFileType = sourcecode.cpp.cpp; path = incremental_bundle_adjuster.cc; sourceTree = "<group>"; };
		00FF5B3723C862DB008C02DE /* stitcherbase.hh */ = {isa = PBXFileReference; fileEncoding = 4; lastKnownFileType = sourcecode.cpp.h; path = stitcherbase.hh; sourceTree = "<group>"; };
		00FF5B3823C862DB008C02DE /* blender.hh */ = {isa = PBXFileReference; fileEncoding = 4; lastKnownFileType = sourcecode.cpp.h; path = blender.hh; sourceTree = "<group>"; };
		00FF5B3923C862DB008C02DE /* cylstitcher.cc */ = {isa = PBXFileReference; fileEncoding = 4; lastKnownFileType = sourcecode.cpp.cpp; path = cylstitcher.cc; sourceTree = "<group>"; };
		00FF5B3A23C862DB008C02DE /* transform_estimate.hh */ = {isa = PBXFileReference; fileEncoding = 4; lastKnownFileType = sourcecode.cpp.h; path = transform_estimate.hh; sourceTree = "<group>"; };
		00FF5B3B23C862DB008C02DE /* stitcherbase.cc */ = {isa = PBXFileReference; fileEncoding = 4; lastKnownFileType = sourcecode.cpp.cpp; path = stitcherbase.cc; sourceTree = "<group>"; };
		00FF5B3C23C862DB008C02DE /* incremental_bundle_adjuster.hh */ = {isa = PBXFileReference; fileEncoding = 4; lastKnownFileType = sourcecode.cpp.h; path = incremental_bundle_adjuster.hh; sourceTree = "<group>"; };
		00FF5B3D23C862DB008C02DE /* camera_estimator.hh */ = {isa = PBXFileReference; fileEncoding = 4; lastKnownFileType = sourcecode.cpp.h; path = camera_estimator.hh; sourceTree = "<group>"; };
		00FF5B3F23C862DB008C02DE /* common.hh */ = {isa = PBXFileReference; fileEncoding = 4; lastKnownFileType = sourcecode.cpp.h; path = common.hh; sourceTree = "<group>"; };
		00FF5B4123C862DB008C02DE /* dog.hh */ = {isa = PBXFileReference; fileEncoding = 4; lastKnownFileType = sourcecode.cpp.h; path = dog.hh; sourceTree = "<group>"; };
		00FF5B4223C862DB008C02DE /* gaussian.cc */ = {isa = PBXFileReference; fileEncoding = 4; lastKnownFileType = sourcecode.cpp.cpp; path = gaussian.cc; sourceTree = "<group>"; };
		00FF5B4323C862DB008C02DE /* dist.cc */ = {isa = PBXFileReference; fileEncoding = 4; lastKnownFileType = sourcecode.cpp.cpp; path = dist.cc; sourceTree = "<group>"; };
		00FF5B4423C862DB008C02DE /* dist.hh */ = {isa = PBXFileReference; fileEncoding = 4; lastKnownFileType = sourcecode.cpp.h; path = dist.hh; sourceTree = "<group>"; };
		00FF5B4523C862DB008C02DE /* gaussian.hh */ = {isa = PBXFileReference; fileEncoding = 4; lastKnownFileType = sourcecode.cpp.h; path = gaussian.hh; sourceTree = "<group>"; };
		00FF5B4623C862DB008C02DE /* dog.cc */ = {isa = PBXFileReference; fileEncoding = 4; lastKnownFileType = sourcecode.cpp.cpp; path = dog.cc; sourceTree = "<group>"; };
		00FF5B4723C862DB008C02DE /* orientation.hh */ = {isa = PBXFileReference; fileEncoding = 4; lastKnownFileType = sourcecode.cpp.h; path = orientation.hh; sourceTree = "<group>"; };
		00FF5B4823C862DB008C02DE /* extrema.hh */ = {isa = PBXFileReference; fileEncoding = 4; lastKnownFileType = sourcecode.cpp.h; path = extrema.hh; sourceTree = "<group>"; };
		00FF5B4923C862DB008C02DE /* matcher.hh */ = {isa = PBXFileReference; fileEncoding = 4; lastKnownFileType = sourcecode.cpp.h; path = matcher.hh; sourceTree = "<group>"; };
		00FF5B4A23C862DB008C02DE /* feature.cc */ = {isa = PBXFileReference; fileEncoding = 4; lastKnownFileType = sourcecode.cpp.cpp; path = feature.cc; sourceTree = "<group>"; };
		00FF5B4B23C862DB008C02DE /* brief.cc */ = {isa = PBXFileReference; fileEncoding = 4; lastKnownFileType = sourcecode.cpp.cpp; path = brief.cc; sourceTree = "<group>"; };
		00FF5B4C23C862DB008C02DE /* sift.hh */ = {isa = PBXFileReference; fileEncoding = 4; lastKnownFileType = sourcecode.cpp.h; path = sift.hh; sourceTree = "<group>"; };
		00FF5B4D23C862DB008C02DE /* feature.hh */ = {isa = PBXFileReference; fileEncoding = 4; lastKnownFileType = sourcecode.cpp.h; path = feature.hh; sourceTree = "<group>"; };
		00FF5B4E23C862DB008C02DE /* brief.hh */ = {isa = PBXFileReference; fileEncoding = 4; lastKnownFileType = sourcecode.cpp.h; path = brief.hh; sourceTree = "<group>"; };
		00FF5B4F23C862DB008C02DE /* sift.cc */ = {isa = PBXFileReference; fileEncoding = 4; lastKnownFileType = sourcecode.cpp.cpp; path = sift.cc; sourceTree = "<group>"; };
		00FF5B5023C862DB008C02DE /* orientation.cc */ = {isa = PBXFileReference; fileEncoding = 4; lastKnownFileType = sourcecode.cpp.cpp; path = orientation.cc; sourceTree = "<group>"; };
		00FF5B5123C862DB008C02DE /* extrema.cc */ = {isa = PBXFileReference; fileEncoding = 4; lastKnownFileType = sourcecode.cpp.cpp; path = extrema.cc; sourceTree = "<group>"; };
		00FF5B5223C862DB008C02DE /* matcher.cc */ = {isa = PBXFileReference; fileEncoding = 4; lastKnownFileType = sourcecode.cpp.cpp; path = matcher.cc; sourceTree = "<group>"; };
		00FF5B5423C862DC008C02DE /* debugutils.cc */ = {isa = PBXFileReference; fileEncoding = 4; lastKnownFileType = sourcecode.cpp.cpp; path = debugutils.cc; sourceTree = "<group>"; };
		00FF5B5523C862DC008C02DE /* geometry.hh */ = {isa = PBXFileReference; fileEncoding = 4; lastKnownFileType = sourcecode.cpp.h; path = geometry.hh; sourceTree = "<group>"; };
		00FF5B5623C862DC008C02DE /* planedrawer.cc */ = {isa = PBXFileReference; fileEncoding = 4; lastKnownFileType = sourcecode.cpp.cpp; path = planedrawer.cc; sourceTree = "<group>"; };
		00FF5B5723C862DC008C02DE /* mat.h */ = {isa = PBXFileReference; fileEncoding = 4; lastKnownFileType = sourcecode.c.h; path = mat.h; sourceTree = "<group>"; };
		00FF5B5823C862DC008C02DE /* utils.hh */ = {isa = PBXFileReference; fileEncoding = 4; lastKnownFileType = sourcecode.cpp.h; path = utils.hh; sourceTree = "<group>"; };
		00FF5B5923C862DC008C02DE /* imgproc.hh */ = {isa = PBXFileReference; fileEncoding = 4; lastKnownFileType = sourcecode.cpp.h; path = imgproc.hh; sourceTree = "<group>"; };
		00FF5B5A23C862DC008C02DE /* kdtree.hh */ = {isa = PBXFileReference; fileEncoding = 4; lastKnownFileType = sourcecode.cpp.h; path = kdtree.hh; sourceTree = "<group>"; };
		00FF5B5B23C862DC008C02DE /* planedrawer.hh */ = {isa = PBXFileReference; fileEncoding = 4; lastKnownFileType = sourcecode.cpp.h; path = planedrawer.hh; sourceTree = "<group>"; };
		00FF5B5C23C862DC008C02DE /* utils.cc */ = {isa = PBXFileReference; fileEncoding = 4; lastKnownFileType = sourcecode.cpp.cpp; path = utils.cc; sourceTree = "<group>"; };
		00FF5B5D23C862DC008C02DE /* kdtree.cc */ = {isa = PBXFileReference; fileEncoding = 4; lastKnownFileType = sourcecode.cpp.cpp; path = kdtree.cc; sourceTree = "<group>"; };
		00FF5B5E23C862DC008C02DE /* imgproc.cc */ = {isa = PBXFileReference; fileEncoding = 4; lastKnownFileType = sourcecode.cpp.cpp; path = imgproc.cc; sourceTree = "<group>"; };
		00FF5B5F23C862DC008C02DE /* debugutils.hh */ = {isa = PBXFileReference; fileEncoding = 4; lastKnownFileType = sourcecode.cpp.h; path = debugutils.hh; sourceTree = "<group>"; };
		00FF5B6023C862DC008C02DE /* polygon.cc */ = {isa = PBXFileReference; fileEncoding = 4; lastKnownFileType = sourcecode.cpp.cpp; path = polygon.cc; sourceTree = "<group>"; };
		00FF5B6123C862DC008C02DE /* color.hh */ = {isa = PBXFileReference; fileEncoding = 4; lastKnownFileType = sourcecode.cpp.h; path = color.hh; sourceTree = "<group>"; };
		00FF5B6223C862DC008C02DE /* config.hh */ = {isa = PBXFileReference; fileEncoding = 4; lastKnownFileType = sourcecode.cpp.h; path = config.hh; sourceTree = "<group>"; };
		00FF5B6323C862DC008C02DE /* timer.cc */ = {isa = PBXFileReference; fileEncoding = 4; lastKnownFileType = sourcecode.cpp.cpp; path = timer.cc; sourceTree = "<group>"; };
		00FF5B6423C862DC008C02DE /* matrix.hh */ = {isa = PBXFileReference; fileEncoding = 4; lastKnownFileType = sourcecode.cpp.h; path = matrix.hh; sourceTree = "<group>"; };
		00FF5B6523C862DC008C02DE /* imgio.cc */ = {isa = PBXFileReference; fileEncoding = 4; lastKnownFileType = sourcecode.cpp.cpp; path = imgio.cc; sourceTree = "<group>"; };
		00FF5B6623C862DC008C02DE /* matrix.cc */ = {isa = PBXFileReference; fileEncoding = 4; lastKnownFileType = sourcecode.cpp.cpp; path = matrix.cc; sourceTree = "<group>"; };
		00FF5B6723C862DC008C02DE /* polygon.hh */ = {isa = PBXFileReference; fileEncoding = 4; lastKnownFileType = sourcecode.cpp.h; path = polygon.hh; sourceTree = "<group>"; };
		00FF5B6823C862DC008C02DE /* color.cc */ = {isa = PBXFileReference; fileEncoding = 4; lastKnownFileType = sourcecode.cpp.cpp; path = color.cc; sourceTree = "<group>"; };
		00FF5B6923C862DC008C02DE /* timer.hh */ = {isa = PBXFileReference; fileEncoding = 4; lastKnownFileType = sourcecode.cpp.h; path = timer.hh; sourceTree = "<group>"; };
		00FF5B6A23C862DC008C02DE /* config.cc */ = {isa = PBXFileReference; fileEncoding = 4; lastKnownFileType = sourcecode.cpp.cpp; path = config.cc; sourceTree = "<group>"; };
/* End PBXFileReference section */

/* Begin PBXFrameworksBuildPhase section */
		00FF585A23C81CA0008C02DE /* Frameworks */ = {
			isa = PBXFrameworksBuildPhase;
			buildActionMask = 2147483647;
			files = (
				00F344D723C9A556007C099A /* libjpeg.a in Frameworks */,
			);
			runOnlyForDeploymentPostprocessing = 0;
		};
/* End PBXFrameworksBuildPhase section */

/* Begin PBXGroup section */
		00F344D123C9A556007C099A /* libjpeg */ = {
			isa = PBXGroup;
			children = (
				00F344D223C9A556007C099A /* jpeglib.h */,
				00F344D323C9A556007C099A /* jerror.h */,
				00F344D423C9A556007C099A /* jconfig.h */,
				00F344D523C9A556007C099A /* jmorecfg.h */,
				00F344D623C9A556007C099A /* libjpeg.a */,
			);
			path = libjpeg;
			sourceTree = "<group>";
		};
		00F344D823C9A5D2007C099A /* lodepng */ = {
			isa = PBXGroup;
			children = (
				00F344D923C9A5D2007C099A /* lodepng.h */,
				00F344DA23C9A5D2007C099A /* lodepng.cc */,
			);
			path = lodepng;
			sourceTree = "<group>";
		};
		00F344DF23C9B391007C099A /* png */ = {
			isa = PBXGroup;
			children = (
				00F344E723C9B533007C099A /* 1.jpg */,
				00F344E623C9B533007C099A /* 2.jpg */,
				00F344E823C9B533007C099A /* 3.jpg */,
			);
			path = png;
			sourceTree = "<group>";
		};
		00FF585423C81CA0008C02DE = {
			isa = PBXGroup;
			children = (
				00FF585F23C81CA0008C02DE /* OpenPano-iOS */,
				00FF585E23C81CA0008C02DE /* Products */,
			);
			sourceTree = "<group>";
		};
		00FF585E23C81CA0008C02DE /* Products */ = {
			isa = PBXGroup;
			children = (
				00FF585D23C81CA0008C02DE /* OpenPano-iOS.app */,
			);
			name = Products;
			sourceTree = "<group>";
		};
		00FF585F23C81CA0008C02DE /* OpenPano-iOS */ = {
			isa = PBXGroup;
			children = (
				00F344EC23C9BAE5007C099A /* config.cfg */,
				00F344DF23C9B391007C099A /* png */,
				00F344D823C9A5D2007C099A /* lodepng */,
				00F344D123C9A556007C099A /* libjpeg */,
				00FF5B3E23C862DB008C02DE /* common */,
				00FF5B4023C862DB008C02DE /* feature */,
				00FF5B5323C862DC008C02DE /* lib */,
				00FF5B2123C862DB008C02DE /* stitch */,
				00FF586023C81CA0008C02DE /* AppDelegate.h */,
				00FF586123C81CA0008C02DE /* AppDelegate.m */,
				00FF586323C81CA0008C02DE /* SceneDelegate.h */,
				00FF586423C81CA0008C02DE /* SceneDelegate.m */,
				00FF586623C81CA0008C02DE /* ViewController.h */,
				00FF586723C81CA0008C02DE /* ViewController.m */,
				00F344DC23C9A72F007C099A /* OpenPano.h */,
				00F344DD23C9A72F007C099A /* OpenPano.mm */,
				00FF586923C81CA0008C02DE /* Main.storyboard */,
				00FF586C23C81CA6008C02DE /* Assets.xcassets */,
				00FF586E23C81CA6008C02DE /* LaunchScreen.storyboard */,
				00FF587123C81CA6008C02DE /* Info.plist */,
				00FF587223C81CA6008C02DE /* main.m */,
			);
			path = "OpenPano-iOS";
			sourceTree = "<group>";
		};
		00FF5B2123C862DB008C02DE /* stitch */ = {
			isa = PBXGroup;
			children = (
				00FF5B2223C862DB008C02DE /* homography.hh */,
				00FF5B2323C862DB008C02DE /* stitcher_image.hh */,
				00FF5B2423C862DB008C02DE /* warp.hh */,
				00FF5B2523C862DB008C02DE /* multiband.cc */,
				00FF5B2623C862DB008C02DE /* imageref.hh */,
				00FF5B2723C862DB008C02DE /* stitcher.cc */,
				00FF5B2823C862DB008C02DE /* camera.hh */,
				00FF5B2923C862DB008C02DE /* camera.cc */,
				00FF5B2A23C862DB008C02DE /* homography.cc */,
				00FF5B2B23C862DB008C02DE /* projection.hh */,
				00FF5B2C23C862DB008C02DE /* warp.cc */,
				00FF5B2D23C862DB008C02DE /* multiband.hh */,
				00FF5B2E23C862DB008C02DE /* stitcher_image.cc */,
				00FF5B2F23C862DB008C02DE /* debug.cc */,
				00FF5B3023C862DB008C02DE /* stitcher.hh */,
				00FF5B3123C862DB008C02DE /* camera_estimator.cc */,
				00FF5B3223C862DB008C02DE /* blender.cc */,
				00FF5B3323C862DB008C02DE /* cylstitcher.hh */,
				00FF5B3423C862DB008C02DE /* transform_estimate.cc */,
				00FF5B3523C862DB008C02DE /* match_info.hh */,
				00FF5B3623C862DB008C02DE /* incremental_bundle_adjuster.cc */,
				00FF5B3723C862DB008C02DE /* stitcherbase.hh */,
				00FF5B3823C862DB008C02DE /* blender.hh */,
				00FF5B3923C862DB008C02DE /* cylstitcher.cc */,
				00FF5B3A23C862DB008C02DE /* transform_estimate.hh */,
				00FF5B3B23C862DB008C02DE /* stitcherbase.cc */,
				00FF5B3C23C862DB008C02DE /* incremental_bundle_adjuster.hh */,
				00FF5B3D23C862DB008C02DE /* camera_estimator.hh */,
			);
			path = stitch;
			sourceTree = "<group>";
		};
		00FF5B3E23C862DB008C02DE /* common */ = {
			isa = PBXGroup;
			children = (
				00FF5B3F23C862DB008C02DE /* common.hh */,
			);
			path = common;
			sourceTree = "<group>";
		};
		00FF5B4023C862DB008C02DE /* feature */ = {
			isa = PBXGroup;
			children = (
				00FF5B4123C862DB008C02DE /* dog.hh */,
				00FF5B4223C862DB008C02DE /* gaussian.cc */,
				00FF5B4323C862DB008C02DE /* dist.cc */,
				00FF5B4423C862DB008C02DE /* dist.hh */,
				00FF5B4523C862DB008C02DE /* gaussian.hh */,
				00FF5B4623C862DB008C02DE /* dog.cc */,
				00FF5B4723C862DB008C02DE /* orientation.hh */,
				00FF5B4823C862DB008C02DE /* extrema.hh */,
				00FF5B4923C862DB008C02DE /* matcher.hh */,
				00FF5B4A23C862DB008C02DE /* feature.cc */,
				00FF5B4B23C862DB008C02DE /* brief.cc */,
				00FF5B4C23C862DB008C02DE /* sift.hh */,
				00FF5B4D23C862DB008C02DE /* feature.hh */,
				00FF5B4E23C862DB008C02DE /* brief.hh */,
				00FF5B4F23C862DB008C02DE /* sift.cc */,
				00FF5B5023C862DB008C02DE /* orientation.cc */,
				00FF5B5123C862DB008C02DE /* extrema.cc */,
				00FF5B5223C862DB008C02DE /* matcher.cc */,
			);
			path = feature;
			sourceTree = "<group>";
		};
		00FF5B5323C862DC008C02DE /* lib */ = {
			isa = PBXGroup;
			children = (
				00FF5B5423C862DC008C02DE /* debugutils.cc */,
				00FF5B5523C862DC008C02DE /* geometry.hh */,
				00FF5B5623C862DC008C02DE /* planedrawer.cc */,
				00FF5B5723C862DC008C02DE /* mat.h */,
				00FF5B5823C862DC008C02DE /* utils.hh */,
				00FF5B5923C862DC008C02DE /* imgproc.hh */,
				00FF5B5A23C862DC008C02DE /* kdtree.hh */,
				00FF5B5B23C862DC008C02DE /* planedrawer.hh */,
				00FF5B5C23C862DC008C02DE /* utils.cc */,
				00FF5B5D23C862DC008C02DE /* kdtree.cc */,
				00FF5B5E23C862DC008C02DE /* imgproc.cc */,
				00FF5B5F23C862DC008C02DE /* debugutils.hh */,
				00FF5B6023C862DC008C02DE /* polygon.cc */,
				00FF5B6123C862DC008C02DE /* color.hh */,
				00FF5B6223C862DC008C02DE /* config.hh */,
				00FF5B6323C862DC008C02DE /* timer.cc */,
				00FF5B6423C862DC008C02DE /* matrix.hh */,
				00FF5B6523C862DC008C02DE /* imgio.cc */,
				00FF5B6623C862DC008C02DE /* matrix.cc */,
				00FF5B6723C862DC008C02DE /* polygon.hh */,
				00FF5B6823C862DC008C02DE /* color.cc */,
				00FF5B6923C862DC008C02DE /* timer.hh */,
				00FF5B6A23C862DC008C02DE /* config.cc */,
			);
			path = lib;
			sourceTree = "<group>";
		};
/* End PBXGroup section */

/* Begin PBXNativeTarget section */
		00FF585C23C81CA0008C02DE /* OpenPano-iOS */ = {
			isa = PBXNativeTarget;
			buildConfigurationList = 00FF587623C81CA6008C02DE /* Build configuration list for PBXNativeTarget "OpenPano-iOS" */;
			buildPhases = (
				00FF585923C81CA0008C02DE /* Sources */,
				00FF585A23C81CA0008C02DE /* Frameworks */,
				00FF585B23C81CA0008C02DE /* Resources */,
			);
			buildRules = (
			);
			dependencies = (
			);
			name = "OpenPano-iOS";
			productName = "OpenPano-iOS";
			productReference = 00FF585D23C81CA0008C02DE /* OpenPano-iOS.app */;
			productType = "com.apple.product-type.application";
		};
/* End PBXNativeTarget section */

/* Begin PBXProject section */
		00FF585523C81CA0008C02DE /* Project object */ = {
			isa = PBXProject;
			attributes = {
				LastUpgradeCheck = 1130;
				ORGANIZATIONNAME = a;
				TargetAttributes = {
					00FF585C23C81CA0008C02DE = {
						CreatedOnToolsVersion = 11.3;
					};
				};
			};
			buildConfigurationList = 00FF585823C81CA0008C02DE /* Build configuration list for PBXProject "OpenPano-iOS" */;
			compatibilityVersion = "Xcode 9.3";
			developmentRegion = en;
			hasScannedForEncodings = 0;
			knownRegions = (
				en,
				Base,
			);
			mainGroup = 00FF585423C81CA0008C02DE;
			productRefGroup = 00FF585E23C81CA0008C02DE /* Products */;
			projectDirPath = "";
			projectRoot = "";
			targets = (
				00FF585C23C81CA0008C02DE /* OpenPano-iOS */,
			);
		};
/* End PBXProject section */

/* Begin PBXResourcesBuildPhase section */
		00FF585B23C81CA0008C02DE /* Resources */ = {
			isa = PBXResourcesBuildPhase;
			buildActionMask = 2147483647;
			files = (
				00F344ED23C9BAE5007C099A /* config.cfg in Resources */,
				00FF587023C81CA6008C02DE /* LaunchScreen.storyboard in Resources */,
				00FF586D23C81CA6008C02DE /* Assets.xcassets in Resources */,
				00F344E923C9B533007C099A /* 2.jpg in Resources */,
				00F344EB23C9B533007C099A /* 3.jpg in Resources */,
				00FF586B23C81CA0008C02DE /* Main.storyboard in Resources */,
				00F344EA23C9B533007C099A /* 1.jpg in Resources */,
			);
			runOnlyForDeploymentPostprocessing = 0;
		};
/* End PBXResourcesBuildPhase section */

/* Begin PBXSourcesBuildPhase section */
		00FF585923C81CA0008C02DE /* Sources */ = {
			isa = PBXSourcesBuildPhase;
			buildActionMask = 2147483647;
			files = (
				00FF5B8923C862DC008C02DE /* matrix.cc in Sources */,
				00FF5B7C23C862DC008C02DE /* brief.cc in Sources */,
				00FF5B7A23C862DC008C02DE /* dog.cc in Sources */,
				00FF5B7623C862DC008C02DE /* cylstitcher.cc in Sources */,
				00FF586823C81CA0008C02DE /* ViewController.m in Sources */,
				00FF5B7923C862DC008C02DE /* dist.cc in Sources */,
				00FF5B8823C862DC008C02DE /* imgio.cc in Sources */,
				00FF5B7D23C862DC008C02DE /* sift.cc in Sources */,
				00FF5B8623C862DC008C02DE /* polygon.cc in Sources */,
				00FF5B7F23C862DC008C02DE /* extrema.cc in Sources */,
				00FF5B8323C862DC008C02DE /* utils.cc in Sources */,
				00FF5B6C23C862DC008C02DE /* stitcher.cc in Sources */,
				00FF5B8B23C862DC008C02DE /* config.cc in Sources */,
				00FF5B6B23C862DC008C02DE /* multiband.cc in Sources */,
				00FF5B6F23C862DC008C02DE /* warp.cc in Sources */,
				00FF586223C81CA0008C02DE /* AppDelegate.m in Sources */,
				00FF5B7B23C862DC008C02DE /* feature.cc in Sources */,
				00F344DE23C9A72F007C099A /* OpenPano.mm in Sources */,
				00FF5B8123C862DC008C02DE /* debugutils.cc in Sources */,
				00FF5B8523C862DC008C02DE /* imgproc.cc in Sources */,
				00FF5B7323C862DC008C02DE /* blender.cc in Sources */,
				00FF5B7723C862DC008C02DE /* stitcherbase.cc in Sources */,
				00FF5B7023C862DC008C02DE /* stitcher_image.cc in Sources */,
				00FF5B7E23C862DC008C02DE /* orientation.cc in Sources */,
				00FF5B8023C862DC008C02DE /* matcher.cc in Sources */,
				00FF5B8723C862DC008C02DE /* timer.cc in Sources */,
				00FF587323C81CA6008C02DE /* main.m in Sources */,
				00FF5B7523C862DC008C02DE /* incremental_bundle_adjuster.cc in Sources */,
				00F344DB23C9A5D2007C099A /* lodepng.cc in Sources */,
				00FF5B7223C862DC008C02DE /* camera_estimator.cc in Sources */,
				00FF5B8A23C862DC008C02DE /* color.cc in Sources */,
				00FF5B6D23C862DC008C02DE /* camera.cc in Sources */,
				00FF5B7423C862DC008C02DE /* transform_estimate.cc in Sources */,
				00FF5B8223C862DC008C02DE /* planedrawer.cc in Sources */,
				00FF5B7123C862DC008C02DE /* debug.cc in Sources */,
				00FF586523C81CA0008C02DE /* SceneDelegate.m in Sources */,
				00FF5B7823C862DC008C02DE /* gaussian.cc in Sources */,
				00FF5B8423C862DC008C02DE /* kdtree.cc in Sources */,
				00FF5B6E23C862DC008C02DE /* homography.cc in Sources */,
			);
			runOnlyForDeploymentPostprocessing = 0;
		};
/* End PBXSourcesBuildPhase section */

/* Begin PBXVariantGroup section */
		00FF586923C81CA0008C02DE /* Main.storyboard */ = {
			isa = PBXVariantGroup;
			children = (
				00FF586A23C81CA0008C02DE /* Base */,
			);
			name = Main.storyboard;
			sourceTree = "<group>";
		};
		00FF586E23C81CA6008C02DE /* LaunchScreen.storyboard */ = {
			isa = PBXVariantGroup;
			children = (
				00FF586F23C81CA6008C02DE /* Base */,
			);
			name = LaunchScreen.storyboard;
			sourceTree = "<group>";
		};
/* End PBXVariantGroup section */

/* Begin XCBuildConfiguration section */
		00FF587423C81CA6008C02DE /* Debug */ = {
			isa = XCBuildConfiguration;
			buildSettings = {
				ALWAYS_SEARCH_USER_PATHS = NO;
				CLANG_ANALYZER_NONNULL = YES;
				CLANG_ANALYZER_NUMBER_OBJECT_CONVERSION = YES_AGGRESSIVE;
				CLANG_CXX_LANGUAGE_STANDARD = "gnu++14";
				CLANG_CXX_LIBRARY = "libc++";
				CLANG_ENABLE_MODULES = YES;
				CLANG_ENABLE_OBJC_ARC = YES;
				CLANG_ENABLE_OBJC_WEAK = YES;
				CLANG_WARN_BLOCK_CAPTURE_AUTORELEASING = YES;
				CLANG_WARN_BOOL_CONVERSION = YES;
				CLANG_WARN_COMMA = YES;
				CLANG_WARN_CONSTANT_CONVERSION = YES;
				CLANG_WARN_DEPRECATED_OBJC_IMPLEMENTATIONS = YES;
				CLANG_WARN_DIRECT_OBJC_ISA_USAGE = YES_ERROR;
				CLANG_WARN_DOCUMENTATION_COMMENTS = YES;
				CLANG_WARN_EMPTY_BODY = YES;
				CLANG_WARN_ENUM_CONVERSION = YES;
				CLANG_WARN_INFINITE_RECURSION = YES;
				CLANG_WARN_INT_CONVERSION = YES;
				CLANG_WARN_NON_LITERAL_NULL_CONVERSION = YES;
				CLANG_WARN_OBJC_IMPLICIT_RETAIN_SELF = YES;
				CLANG_WARN_OBJC_LITERAL_CONVERSION = YES;
				CLANG_WARN_OBJC_ROOT_CLASS = YES_ERROR;
				CLANG_WARN_RANGE_LOOP_ANALYSIS = YES;
				CLANG_WARN_STRICT_PROTOTYPES = YES;
				CLANG_WARN_SUSPICIOUS_MOVE = YES;
				CLANG_WARN_UNGUARDED_AVAILABILITY = YES_AGGRESSIVE;
				CLANG_WARN_UNREACHABLE_CODE = YES;
				CLANG_WARN__DUPLICATE_METHOD_MATCH = YES;
				COPY_PHASE_STRIP = NO;
				DEBUG_INFORMATION_FORMAT = dwarf;
				ENABLE_STRICT_OBJC_MSGSEND = YES;
				ENABLE_TESTABILITY = YES;
				GCC_C_LANGUAGE_STANDARD = gnu11;
				GCC_DYNAMIC_NO_PIC = NO;
				GCC_NO_COMMON_BLOCKS = YES;
				GCC_OPTIMIZATION_LEVEL = 0;
				GCC_PREPROCESSOR_DEFINITIONS = (
					"DEBUG=1",
					"$(inherited)",
				);
				GCC_WARN_64_TO_32_BIT_CONVERSION = YES;
				GCC_WARN_ABOUT_RETURN_TYPE = YES_ERROR;
				GCC_WARN_UNDECLARED_SELECTOR = YES;
				GCC_WARN_UNINITIALIZED_AUTOS = YES_AGGRESSIVE;
				GCC_WARN_UNUSED_FUNCTION = YES;
				GCC_WARN_UNUSED_VARIABLE = YES;
				IPHONEOS_DEPLOYMENT_TARGET = 13.2;
				MTL_ENABLE_DEBUG_INFO = INCLUDE_SOURCE;
				MTL_FAST_MATH = YES;
				ONLY_ACTIVE_ARCH = YES;
				SDKROOT = iphoneos;
			};
			name = Debug;
		};
		00FF587523C81CA6008C02DE /* Release */ = {
			isa = XCBuildConfiguration;
			buildSettings = {
				ALWAYS_SEARCH_USER_PATHS = NO;
				CLANG_ANALYZER_NONNULL = YES;
				CLANG_ANALYZER_NUMBER_OBJECT_CONVERSION = YES_AGGRESSIVE;
				CLANG_CXX_LANGUAGE_STANDARD = "gnu++14";
				CLANG_CXX_LIBRARY = "libc++";
				CLANG_ENABLE_MODULES = YES;
				CLANG_ENABLE_OBJC_ARC = YES;
				CLANG_ENABLE_OBJC_WEAK = YES;
				CLANG_WARN_BLOCK_CAPTURE_AUTORELEASING = YES;
				CLANG_WARN_BOOL_CONVERSION = YES;
				CLANG_WARN_COMMA = YES;
				CLANG_WARN_CONSTANT_CONVERSION = YES;
				CLANG_WARN_DEPRECATED_OBJC_IMPLEMENTATIONS = YES;
				CLANG_WARN_DIRECT_OBJC_ISA_USAGE = YES_ERROR;
				CLANG_WARN_DOCUMENTATION_COMMENTS = YES;
				CLANG_WARN_EMPTY_BODY = YES;
				CLANG_WARN_ENUM_CONVERSION = YES;
				CLANG_WARN_INFINITE_RECURSION = YES;
				CLANG_WARN_INT_CONVERSION = YES;
				CLANG_WARN_NON_LITERAL_NULL_CONVERSION = YES;
				CLANG_WARN_OBJC_IMPLICIT_RETAIN_SELF = YES;
				CLANG_WARN_OBJC_LITERAL_CONVERSION = YES;
				CLANG_WARN_OBJC_ROOT_CLASS = YES_ERROR;
				CLANG_WARN_RANGE_LOOP_ANALYSIS = YES;
				CLANG_WARN_STRICT_PROTOTYPES = YES;
				CLANG_WARN_SUSPICIOUS_MOVE = YES;
				CLANG_WARN_UNGUARDED_AVAILABILITY = YES_AGGRESSIVE;
				CLANG_WARN_UNREACHABLE_CODE = YES;
				CLANG_WARN__DUPLICATE_METHOD_MATCH = YES;
				COPY_PHASE_STRIP = NO;
				DEBUG_INFORMATION_FORMAT = "dwarf-with-dsym";
				ENABLE_NS_ASSERTIONS = NO;
				ENABLE_STRICT_OBJC_MSGSEND = YES;
				GCC_C_LANGUAGE_STANDARD = gnu11;
				GCC_NO_COMMON_BLOCKS = YES;
				GCC_WARN_64_TO_32_BIT_CONVERSION = YES;
				GCC_WARN_ABOUT_RETURN_TYPE = YES_ERROR;
				GCC_WARN_UNDECLARED_SELECTOR = YES;
				GCC_WARN_UNINITIALIZED_AUTOS = YES_AGGRESSIVE;
				GCC_WARN_UNUSED_FUNCTION = YES;
				GCC_WARN_UNUSED_VARIABLE = YES;
				IPHONEOS_DEPLOYMENT_TARGET = 13.2;
				MTL_ENABLE_DEBUG_INFO = NO;
				MTL_FAST_MATH = YES;
				SDKROOT = iphoneos;
				VALIDATE_PRODUCT = YES;
			};
			name = Release;
		};
		00FF587723C81CA6008C02DE /* Debug */ = {
			isa = XCBuildConfiguration;
			buildSettings = {
				ASSETCATALOG_COMPILER_APPICON_NAME = AppIcon;
				CLANG_CXX_LANGUAGE_STANDARD = "c++0x";
				CODE_SIGN_STYLE = Automatic;
				DEVELOPMENT_TEAM = 7JLDCB94LG;
				FRAMEWORK_SEARCH_PATHS = (
					"$(inherited)",
					"$(PROJECT_DIR)/OpenPano-iOS",
				);
				GCC_PREPROCESSOR_DEFINITIONS = "DEBUG=1";
				INFOPLIST_FILE = "OpenPano-iOS/Info.plist";
				LD_RUNPATH_SEARCH_PATHS = (
					"$(inherited)",
					"@executable_path/Frameworks",
				);
				LIBRARY_SEARCH_PATHS = (
					"$(inherited)",
					"$(PROJECT_DIR)/OpenPano-iOS",
					"$(PROJECT_DIR)/OpenPano-iOS/libjpeg",
				);
				OTHER_CFLAGS = "";
				PRODUCT_BUNDLE_IDENTIFIER = "com.golden.OpenPano-iOS";
				PRODUCT_NAME = "$(TARGET_NAME)";
				SYSTEM_HEADER_SEARCH_PATHS = "$(SRCROOT)/ThirdPart/eigen-337";
				TARGETED_DEVICE_FAMILY = "1,2";
				USER_HEADER_SEARCH_PATHS = (
					"$(PROJECT_DIR)/$(PROJECT_NAME)/",
					"$(SRCROOT)/ThirdPart/flann",
					"$(SRCROOT)/ThirdPart/CImg",
				);
			};
			name = Debug;
		};
		00FF587823C81CA6008C02DE /* Release */ = {
			isa = XCBuildConfiguration;
			buildSettings = {
				ASSETCATALOG_COMPILER_APPICON_NAME = AppIcon;
				CLANG_CXX_LANGUAGE_STANDARD = "c++0x";
				CODE_SIGN_STYLE = Automatic;
				DEVELOPMENT_TEAM = 7JLDCB94LG;
				FRAMEWORK_SEARCH_PATHS = (
					"$(inherited)",
					"$(PROJECT_DIR)/OpenPano-iOS",
				);
				INFOPLIST_FILE = "OpenPano-iOS/Info.plist";
				LD_RUNPATH_SEARCH_PATHS = (
					"$(inherited)",
					"@executable_path/Frameworks",
				);
				LIBRARY_SEARCH_PATHS = (
					"$(inherited)",
					"$(PROJECT_DIR)/OpenPano-iOS",
					"$(PROJECT_DIR)/OpenPano-iOS/libjpeg",
				);
				OTHER_CFLAGS = "";
				PRODUCT_BUNDLE_IDENTIFIER = "com.golden.OpenPano-iOS";
				PRODUCT_NAME = "$(TARGET_NAME)";
				SYSTEM_HEADER_SEARCH_PATHS = "$(SRCROOT)/ThirdPart/eigen-337";
				TARGETED_DEVICE_FAMILY = "1,2";
				USER_HEADER_SEARCH_PATHS = (
					"$(PROJECT_DIR)/$(PROJECT_NAME)/",
					"$(SRCROOT)/ThirdPart/flann",
					"$(SRCROOT)/ThirdPart/CImg",
				);
			};
			name = Release;
		};
/* End XCBuildConfiguration section */

/* Begin XCConfigurationList section */
		00FF585823C81CA0008C02DE /* Build configuration list for PBXProject "OpenPano-iOS" */ = {
			isa = XCConfigurationList;
			buildConfigurations = (
				00FF587423C81CA6008C02DE /* Debug */,
				00FF587523C81CA6008C02DE /* Release */,
			);
			defaultConfigurationIsVisible = 0;
			defaultConfigurationName = Release;
		};
		00FF587623C81CA6008C02DE /* Build configuration list for PBXNativeTarget "OpenPano-iOS" */ = {
			isa = XCConfigurationList;
			buildConfigurations = (
				00FF587723C81CA6008C02DE /* Debug */,
				00FF587823C81CA6008C02DE /* Release */,
			);
			defaultConfigurationIsVisible = 0;
			defaultConfigurationName = Release;
		};
/* End XCConfigurationList section */
	};
	rootObject = 00FF585523C81CA0008C02DE /* Project object */;
}
